
Microsoft Visual Studio Solution File, Format Version 12.00
# Visual Studio Version 16
VisualStudioVersion = 16.0.30621.155
MinimumVisualStudioVersion = 10.0.40219.1
Project("{FAE04EC0-301F-11D3-BF4B-00C04F79EFBC}") = "MVCAssinment1", "MVCAssinment1.csproj", "{CF15C63F-E996-48CD-AB99-5A522E977035}"
EndProject
Global
	GlobalSection(SolutionConfigurationPlatforms) = preSolution
		Debug|Any CPU = Debug|Any CPU
		Release|Any CPU = Release|Any CPU
	EndGlobalSection
	GlobalSection(ProjectConfigurationPlatforms) = postSolution
		{CF15C63F-E996-48CD-AB99-5A522E977035}.Debug|Any CPU.ActiveCfg = Debug|Any CPU
		{CF15C63F-E996-48CD-AB99-5A522E977035}.Debug|Any CPU.Build.0 = Debug|Any CPU
		{CF15C63F-E996-48CD-AB99-5A522E977035}.Release|Any CPU.ActiveCfg = Release|Any CPU
		{CF15C63F-E996-48CD-AB99-5A522E977035}.Release|Any CPU.Build.0 = Release|Any CPU
	EndGlobalSection
	GlobalSection(SolutionProperties) = preSolution
		HideSolutionNode = FALSE
	EndGlobalSection
	GlobalSection(ExtensibilityGlobals) = postSolution
		SolutionGuid = {C6CAAD7E-405D-49EF-91CA-15A78BE29F37}
	EndGlobalSection
EndGlobal
